
Microsoft Visual Studio Solution File, Format Version 12.00
# Visual Studio Express 2012 for Windows Desktop
Project("{FAE04EC0-301F-11D3-BF4B-00C04F79EFBC}") = "acomuladores", "acomuladores\acomuladores.csproj", "{EDB2792E-9872-462C-A9B2-00BD1B9BDE14}"
EndProject
Global
	GlobalSection(SolutionConfigurationPlatforms) = preSolution
		Debug|Any CPU = Debug|Any CPU
		Release|Any CPU = Release|Any CPU
	EndGlobalSection
	GlobalSection(ProjectConfigurationPlatforms) = postSolution
		{EDB2792E-9872-462C-A9B2-00BD1B9BDE14}.Debug|Any CPU.ActiveCfg = Debug|Any CPU
		{EDB2792E-9872-462C-A9B2-00BD1B9BDE14}.Debug|Any CPU.Build.0 = Debug|Any CPU
		{EDB2792E-9872-462C-A9B2-00BD1B9BDE14}.Release|Any CPU.ActiveCfg = Release|Any CPU
		{EDB2792E-9872-462C-A9B2-00BD1B9BDE14}.Release|Any CPU.Build.0 = Release|Any CPU
	EndGlobalSection
	GlobalSection(SolutionProperties) = preSolution
		HideSolutionNode = FALSE
	EndGlobalSection
EndGlobal
